
Microsoft Visual Studio Solution File, Format Version 12.00
# Visual Studio Version 17
VisualStudioVersion = 17.7.34221.43
MinimumVisualStudioVersion = 10.0.40219.1
Project("{FAE04EC0-301F-11D3-BF4B-00C04F79EFBC}") = "Banking Operations", "Banking Operations\Banking Operations.csproj", "{DAD91462-644B-43D1-B544-95D68D7CDB6C}"
EndProject
Global
	GlobalSection(SolutionConfigurationPlatforms) = preSolution
		Debug|Any CPU = Debug|Any CPU
		Release|Any CPU = Release|Any CPU
	EndGlobalSection
	GlobalSection(ProjectConfigurationPlatforms) = postSolution
		{DAD91462-644B-43D1-B544-95D68D7CDB6C}.Debug|Any CPU.ActiveCfg = Debug|Any CPU
		{DAD91462-644B-43D1-B544-95D68D7CDB6C}.Debug|Any CPU.Build.0 = Debug|Any CPU
		{DAD91462-644B-43D1-B544-95D68D7CDB6C}.Release|Any CPU.ActiveCfg = Release|Any CPU
		{DAD91462-644B-43D1-B544-95D68D7CDB6C}.Release|Any CPU.Build.0 = Release|Any CPU
	EndGlobalSection
	GlobalSection(SolutionProperties) = preSolution
		HideSolutionNode = FALSE
	EndGlobalSection
	GlobalSection(ExtensibilityGlobals) = postSolution
		SolutionGuid = {64AFC26F-C7A0-4F83-B7D7-EE84F1E65773}
	EndGlobalSection
EndGlobal
